
Microsoft Visual Studio Solution File, Format Version 12.00
# Visual Studio Version 17
VisualStudioVersion = 17.11.35222.181
MinimumVisualStudioVersion = 10.0.40219.1
Project("{FAE04EC0-301F-11D3-BF4B-00C04F79EFBC}") = "Вычисление бесконечных сумм", "Вычисление бесконечных сумм\Вычисление бесконечных сумм.csproj", "{910171DA-5DE8-4906-B478-B113AE33538E}"
EndProject
Global
	GlobalSection(SolutionConfigurationPlatforms) = preSolution
		Debug|Any CPU = Debug|Any CPU
		Release|Any CPU = Release|Any CPU
	EndGlobalSection
	GlobalSection(ProjectConfigurationPlatforms) = postSolution
		{910171DA-5DE8-4906-B478-B113AE33538E}.Debug|Any CPU.ActiveCfg = Debug|Any CPU
		{910171DA-5DE8-4906-B478-B113AE33538E}.Debug|Any CPU.Build.0 = Debug|Any CPU
		{910171DA-5DE8-4906-B478-B113AE33538E}.Release|Any CPU.ActiveCfg = Release|Any CPU
		{910171DA-5DE8-4906-B478-B113AE33538E}.Release|Any CPU.Build.0 = Release|Any CPU
	EndGlobalSection
	GlobalSection(SolutionProperties) = preSolution
		HideSolutionNode = FALSE
	EndGlobalSection
	GlobalSection(ExtensibilityGlobals) = postSolution
		SolutionGuid = {6912A1BF-77B8-43AD-929C-1BFE0D44B69E}
	EndGlobalSection
EndGlobal
